
Microsoft Visual Studio Solution File, Format Version 12.00
# Visual Studio Version 16
VisualStudioVersion = 16.0.31229.75
MinimumVisualStudioVersion = 10.0.40219.1
Project("{FAE04EC0-301F-11D3-BF4B-00C04F79EFBC}") = "StringManipulation", "StringManipulation.csproj", "{02410EC8-BA09-43B3-84D7-8255A3F89A98}"
EndProject
Project("{FAE04EC0-301F-11D3-BF4B-00C04F79EFBC}") = "StringManipulationTests", "StringManipulationTests\StringManipulationTests.csproj", "{5389BE61-516B-4FDD-89D2-E8F0D04C4A51}"
EndProject
Global
	GlobalSection(SolutionConfigurationPlatforms) = preSolution
		Debug|Any CPU = Debug|Any CPU
		Release|Any CPU = Release|Any CPU
	EndGlobalSection
	GlobalSection(ProjectConfigurationPlatforms) = postSolution
		{02410EC8-BA09-43B3-84D7-8255A3F89A98}.Debug|Any CPU.ActiveCfg = Debug|Any CPU
		{02410EC8-BA09-43B3-84D7-8255A3F89A98}.Debug|Any CPU.Build.0 = Debug|Any CPU
		{02410EC8-BA09-43B3-84D7-8255A3F89A98}.Release|Any CPU.ActiveCfg = Release|Any CPU
		{02410EC8-BA09-43B3-84D7-8255A3F89A98}.Release|Any CPU.Build.0 = Release|Any CPU
		{5389BE61-516B-4FDD-89D2-E8F0D04C4A51}.Debug|Any CPU.ActiveCfg = Debug|Any CPU
		{5389BE61-516B-4FDD-89D2-E8F0D04C4A51}.Debug|Any CPU.Build.0 = Debug|Any CPU
		{5389BE61-516B-4FDD-89D2-E8F0D04C4A51}.Release|Any CPU.ActiveCfg = Release|Any CPU
		{5389BE61-516B-4FDD-89D2-E8F0D04C4A51}.Release|Any CPU.Build.0 = Release|Any CPU
	EndGlobalSection
	GlobalSection(SolutionProperties) = preSolution
		HideSolutionNode = FALSE
	EndGlobalSection
	GlobalSection(ExtensibilityGlobals) = postSolution
		SolutionGuid = {A9CC188D-1D74-4A6A-A90A-025081C6159A}
	EndGlobalSection
EndGlobal
